{
  "name": "deploy-fixture",
  "lockfileVersion": 3,
  "requires": true,
  "packages": {
    "": {
      "name": "deploy-fixture",
      "dependencies": {
        "fixture-dep": "file:../npm-fixture-dep"
      }
    },
    "../npm-fixture-dep": {
      "name": "fixture-dep",
      "version": "1.0.0"
    },
    "node_modules/fixture-dep": {
      "resolved": "../npm-fixture-dep",
      "link": true
    }
  }
}
